{
  "name": "promise-sample",
  "version": "1.0.0",
  "lockfileVersion": 1,
  "requires": true,
  "dependencies": {
    "bluebird": {
      "version": "2.11.0",
      "resolved": "https://registry.npmjs.org/bluebird/-/bluebird-2.11.0.tgz",
      "integrity": "sha1-U0uQM8AiyVecVro7Plpcqvu2UOE="
    },
    "nan": {
      "version": "2.8.0",
      "resolved": "https://registry.npmjs.org/nan/-/nan-2.8.0.tgz",
      "integrity": "sha1-7XFfP+neArV6XmJS2QqWZ14fCFo="
    },
    "random-string": {
      "version": "0.1.2",
      "resolved": "https://registry.npmjs.org/random-string/-/random-string-0.1.2.tgz",
      "integrity": "sha1-LWr7YHZlExasW4pi1jEG2zHrjUQ="
    },
    "sleep": {
      "version": "3.0.1",
      "resolved": "https://registry.npmjs.org/sleep/-/sleep-3.0.1.tgz",
      "integrity": "sha1-vk0XxXk2DgfgTtgXK6KxCmkFTfM=",
      "requires": {
        "nan": "2.8.0"
      }
    }
  }
}
